PODS:
  - GEContinuousIntegration (0.1.2)

DEPENDENCIES:
  - GEContinuousIntegration (from `https://github.com/grigorye/GEContinuousIntegration`)

EXTERNAL SOURCES:
  GEContinuousIntegration:
    :git: https://github.com/grigorye/GEContinuousIntegration

CHECKOUT OPTIONS:
  GEContinuousIntegration:
    :commit: d4f740c39b45d57d329de3138113b00d54afa73b
    :git: https://github.com/grigorye/GEContinuousIntegration

SPEC CHECKSUMS:
  GEContinuousIntegration: e24b7cebd53632a7ad926607f72e091240184021

PODFILE CHECKSUM: 45a817cc69cac19514e8b209249abc1a8b1d4d37

COCOAPODS: 1.6.0.rc.2
