PODS:
  - GEContinuousIntegration (0.1.3)

DEPENDENCIES:
  - GEContinuousIntegration (~> 0.1)

SPEC REPOS:
  https://github.com/grigorye/podspecs.git:
    - GEContinuousIntegration

SPEC CHECKSUMS:
  GEContinuousIntegration: e3bd2ef1ae39d232a8525cb098b016f79437f59e

PODFILE CHECKSUM: 6d6735004e3397b04a6f13d6a6be7150f1756aa1

COCOAPODS: 1.9.3
